
Microsoft Visual Studio Solution File, Format Version 12.00
# Visual Studio Version 16
VisualStudioVersion = 16.0.30309.148
MinimumVisualStudioVersion = 10.0.40219.1
Project("{FAE04EC0-301F-11D3-BF4B-00C04F79EFBC}") = "GC_Lab3", "GC_Lab3\GC_Lab3.csproj", "{59DD8F82-558F-478E-A8B6-64517FCC3AFD}"
EndProject
Global
	GlobalSection(SolutionConfigurationPlatforms) = preSolution
		Debug|Any CPU = Debug|Any CPU
		Release|Any CPU = Release|Any CPU
	EndGlobalSection
	GlobalSection(ProjectConfigurationPlatforms) = postSolution
		{59DD8F82-558F-478E-A8B6-64517FCC3AFD}.Debug|Any CPU.ActiveCfg = Debug|Any CPU
		{59DD8F82-558F-478E-A8B6-64517FCC3AFD}.Debug|Any CPU.Build.0 = Debug|Any CPU
		{59DD8F82-558F-478E-A8B6-64517FCC3AFD}.Release|Any CPU.ActiveCfg = Release|Any CPU
		{59DD8F82-558F-478E-A8B6-64517FCC3AFD}.Release|Any CPU.Build.0 = Release|Any CPU
	EndGlobalSection
	GlobalSection(SolutionProperties) = preSolution
		HideSolutionNode = FALSE
	EndGlobalSection
	GlobalSection(ExtensibilityGlobals) = postSolution
		SolutionGuid = {27DD1158-CAB2-4827-90D6-AC421201FE5B}
	EndGlobalSection
EndGlobal
